
Microsoft Visual Studio Solution File, Format Version 12.00
# Visual Studio Version 16
VisualStudioVersion = 16.0.29806.167
MinimumVisualStudioVersion = 10.0.40219.1
Project("{FAE04EC0-301F-11D3-BF4B-00C04F79EFBC}") = "MyPhotos", "MyPhotos.csproj", "{0DB2E3CF-5F31-4198-9433-6F3C876D9041}"
EndProject
Project("{2150E333-8FDC-42A3-9474-1A3956D46DE8}") = "Solution Items", "Solution Items", "{9378886F-7935-46FC-81B6-FDCF214AEA71}"
	ProjectSection(SolutionItems) = preProject
		.editorconfig = .editorconfig
	EndProjectSection
EndProject
Project("{FAE04EC0-301F-11D3-BF4B-00C04F79EFBC}") = "MyPhotosUI", "..\MyPhotosUI\MyPhotosUI.csproj", "{AA85A5BD-DF0C-428A-A458-9723E6CCEA00}"
EndProject
Project("{FAE04EC0-301F-11D3-BF4B-00C04F79EFBC}") = "MyPhotosWCF", "..\MyPhotosWCF\MyPhotosWCF.csproj", "{561EB128-7E32-4F80-9F5F-1D02F0798923}"
EndProject
Project("{FAE04EC0-301F-11D3-BF4B-00C04F79EFBC}") = "MyPhotosHost", "..\MyPhotosHost\MyPhotosHost.csproj", "{B6213E44-5DFF-4242-BCA8-3BD9B5762316}"
EndProject
Project("{FAE04EC0-301F-11D3-BF4B-00C04F79EFBC}") = "MyPhotosRazor", "..\MyPhotosRazor\MyPhotosRazor.csproj", "{0B501729-42EC-4719-AF8A-CB94F4C86C42}"
EndProject
Global
	GlobalSection(SolutionConfigurationPlatforms) = preSolution
		Debug|Any CPU = Debug|Any CPU
		Release|Any CPU = Release|Any CPU
	EndGlobalSection
	GlobalSection(ProjectConfigurationPlatforms) = postSolution
		{0DB2E3CF-5F31-4198-9433-6F3C876D9041}.Debug|Any CPU.ActiveCfg = Debug|Any CPU
		{0DB2E3CF-5F31-4198-9433-6F3C876D9041}.Debug|Any CPU.Build.0 = Debug|Any CPU
		{0DB2E3CF-5F31-4198-9433-6F3C876D9041}.Release|Any CPU.ActiveCfg = Release|Any CPU
		{0DB2E3CF-5F31-4198-9433-6F3C876D9041}.Release|Any CPU.Build.0 = Release|Any CPU
		{AA85A5BD-DF0C-428A-A458-9723E6CCEA00}.Debug|Any CPU.ActiveCfg = Debug|Any CPU
		{AA85A5BD-DF0C-428A-A458-9723E6CCEA00}.Debug|Any CPU.Build.0 = Debug|Any CPU
		{AA85A5BD-DF0C-428A-A458-9723E6CCEA00}.Release|Any CPU.ActiveCfg = Release|Any CPU
		{AA85A5BD-DF0C-428A-A458-9723E6CCEA00}.Release|Any CPU.Build.0 = Release|Any CPU
		{561EB128-7E32-4F80-9F5F-1D02F0798923}.Debug|Any CPU.ActiveCfg = Debug|Any CPU
		{561EB128-7E32-4F80-9F5F-1D02F0798923}.Debug|Any CPU.Build.0 = Debug|Any CPU
		{561EB128-7E32-4F80-9F5F-1D02F0798923}.Release|Any CPU.ActiveCfg = Release|Any CPU
		{561EB128-7E32-4F80-9F5F-1D02F0798923}.Release|Any CPU.Build.0 = Release|Any CPU
		{B6213E44-5DFF-4242-BCA8-3BD9B5762316}.Debug|Any CPU.ActiveCfg = Debug|Any CPU
		{B6213E44-5DFF-4242-BCA8-3BD9B5762316}.Debug|Any CPU.Build.0 = Debug|Any CPU
		{B6213E44-5DFF-4242-BCA8-3BD9B5762316}.Release|Any CPU.ActiveCfg = Release|Any CPU
		{B6213E44-5DFF-4242-BCA8-3BD9B5762316}.Release|Any CPU.Build.0 = Release|Any CPU
		{0B501729-42EC-4719-AF8A-CB94F4C86C42}.Debug|Any CPU.ActiveCfg = Debug|Any CPU
		{0B501729-42EC-4719-AF8A-CB94F4C86C42}.Debug|Any CPU.Build.0 = Debug|Any CPU
		{0B501729-42EC-4719-AF8A-CB94F4C86C42}.Release|Any CPU.ActiveCfg = Release|Any CPU
		{0B501729-42EC-4719-AF8A-CB94F4C86C42}.Release|Any CPU.Build.0 = Release|Any CPU
	EndGlobalSection
	GlobalSection(SolutionProperties) = preSolution
		HideSolutionNode = FALSE
	EndGlobalSection
	GlobalSection(ExtensibilityGlobals) = postSolution
		SolutionGuid = {09D70F9D-C722-4F5C-9F32-03D32F1DFEC3}
	EndGlobalSection
EndGlobal
