
Microsoft Visual Studio Solution File, Format Version 12.00
# Visual Studio 15
Project("{FAE04EC0-301F-11D3-BF4B-00C04F79EFBC}") = "GrpcGreeter", "GrpcGreeter.csproj", "{493C816B-2E9D-45C0-B0A3-8FA20F5B25E5}"
EndProject
Global
	GlobalSection(SolutionConfigurationPlatforms) = preSolution
		Debug|Any CPU = Debug|Any CPU
		Release|Any CPU = Release|Any CPU
	EndGlobalSection
	GlobalSection(ProjectConfigurationPlatforms) = postSolution
		{493C816B-2E9D-45C0-B0A3-8FA20F5B25E5}.Debug|Any CPU.ActiveCfg = Debug|Any CPU
		{493C816B-2E9D-45C0-B0A3-8FA20F5B25E5}.Debug|Any CPU.Build.0 = Debug|Any CPU
		{493C816B-2E9D-45C0-B0A3-8FA20F5B25E5}.Release|Any CPU.ActiveCfg = Release|Any CPU
		{493C816B-2E9D-45C0-B0A3-8FA20F5B25E5}.Release|Any CPU.Build.0 = Release|Any CPU
	EndGlobalSection
EndGlobal
